
Microsoft Visual Studio Solution File, Format Version 12.00
# Visual Studio Version 17
VisualStudioVersion = 17.7.34202.233
MinimumVisualStudioVersion = 10.0.40219.1
Project("{FAE04EC0-301F-11D3-BF4B-00C04F79EFBC}") = "CurrencyExchange", "CurrencyExchange\CurrencyExchange.csproj", "{1F4D606D-8473-49CE-B990-C0C54DE31F77}"
EndProject
Global
	GlobalSection(SolutionConfigurationPlatforms) = preSolution
		Debug|Any CPU = Debug|Any CPU
		Release|Any CPU = Release|Any CPU
	EndGlobalSection
	GlobalSection(ProjectConfigurationPlatforms) = postSolution
		{1F4D606D-8473-49CE-B990-C0C54DE31F77}.Debug|Any CPU.ActiveCfg = Debug|Any CPU
		{1F4D606D-8473-49CE-B990-C0C54DE31F77}.Debug|Any CPU.Build.0 = Debug|Any CPU
		{1F4D606D-8473-49CE-B990-C0C54DE31F77}.Release|Any CPU.ActiveCfg = Release|Any CPU
		{1F4D606D-8473-49CE-B990-C0C54DE31F77}.Release|Any CPU.Build.0 = Release|Any CPU
	EndGlobalSection
	GlobalSection(SolutionProperties) = preSolution
		HideSolutionNode = FALSE
	EndGlobalSection
	GlobalSection(ExtensibilityGlobals) = postSolution
		SolutionGuid = {3D976C83-A160-4A22-9AE5-E54A10CB322D}
	EndGlobalSection
EndGlobal
